PODS:
  - Alamofire (4.0.1)
  - RestShip (0.2.2):
    - Alamofire

DEPENDENCIES:
  - RestShip (from `../`)

EXTERNAL SOURCES:
  RestShip:
    :path: "../"

SPEC CHECKSUMS:
  Alamofire: 7682d43245de14874acd142ec137b144aa1dd335
  RestShip: 703e77b35b9a0917cffaa809751828a93851530b

PODFILE CHECKSUM: 22e19237b1c77792d95415bc28c6739bc89cc2e5

COCOAPODS: 1.1.0.rc.2
